
Microsoft Visual Studio Solution File, Format Version 12.00
Project("{FAE04EC0-301F-11D3-BF4B-00C04F79EFBC}") = "KundenKartei", "KundenKartei\KundenKartei.csproj", "{87AF32F7-743C-417F-A227-5F7A7292C3CA}"
EndProject
Global
	GlobalSection(SolutionConfigurationPlatforms) = preSolution
		Debug|Any CPU = Debug|Any CPU
		Release|Any CPU = Release|Any CPU
	EndGlobalSection
	GlobalSection(ProjectConfigurationPlatforms) = postSolution
		{87AF32F7-743C-417F-A227-5F7A7292C3CA}.Debug|Any CPU.ActiveCfg = Debug|Any CPU
		{87AF32F7-743C-417F-A227-5F7A7292C3CA}.Debug|Any CPU.Build.0 = Debug|Any CPU
		{87AF32F7-743C-417F-A227-5F7A7292C3CA}.Release|Any CPU.ActiveCfg = Release|Any CPU
		{87AF32F7-743C-417F-A227-5F7A7292C3CA}.Release|Any CPU.Build.0 = Release|Any CPU
	EndGlobalSection
EndGlobal
